
Microsoft Visual Studio Solution File, Format Version 12.00
# Visual Studio Version 17
VisualStudioVersion = 17.4.33110.190
MinimumVisualStudioVersion = 10.0.40219.1
Project("{888888A0-9F3D-457C-B088-3A5042F75D52}") = "Dictionary", "Dictionary\Dictionary.pyproj", "{A5BE3AA9-3A40-4527-915C-DCC86113013D}"
EndProject
Global
	GlobalSection(SolutionConfigurationPlatforms) = preSolution
		Debug|Any CPU = Debug|Any CPU
		Release|Any CPU = Release|Any CPU
	EndGlobalSection
	GlobalSection(ProjectConfigurationPlatforms) = postSolution
		{A5BE3AA9-3A40-4527-915C-DCC86113013D}.Debug|Any CPU.ActiveCfg = Debug|Any CPU
		{A5BE3AA9-3A40-4527-915C-DCC86113013D}.Release|Any CPU.ActiveCfg = Release|Any CPU
	EndGlobalSection
	GlobalSection(SolutionProperties) = preSolution
		HideSolutionNode = FALSE
	EndGlobalSection
	GlobalSection(ExtensibilityGlobals) = postSolution
		SolutionGuid = {DB534731-C6A4-4CAA-B297-14A2A1354877}
	EndGlobalSection
EndGlobal
